
Microsoft Visual Studio Solution File, Format Version 12.00
# Visual Studio 15
VisualStudioVersion = 15.0.27428.2015
MinimumVisualStudioVersion = 10.0.40219.1
Project("{FAE04EC0-301F-11D3-BF4B-00C04F79EFBC}") = "MistrzowieWynajmu", "MistrzowieWynajmu\MistrzowieWynajmu.csproj", "{BA5FA7F8-973E-40C1-B661-2EB9ED740E59}"
EndProject
Global
	GlobalSection(SolutionConfigurationPlatforms) = preSolution
		Debug|Any CPU = Debug|Any CPU
		Release|Any CPU = Release|Any CPU
	EndGlobalSection
	GlobalSection(ProjectConfigurationPlatforms) = postSolution
		{BA5FA7F8-973E-40C1-B661-2EB9ED740E59}.Debug|Any CPU.ActiveCfg = Debug|Any CPU
		{BA5FA7F8-973E-40C1-B661-2EB9ED740E59}.Debug|Any CPU.Build.0 = Debug|Any CPU
		{BA5FA7F8-973E-40C1-B661-2EB9ED740E59}.Release|Any CPU.ActiveCfg = Release|Any CPU
		{BA5FA7F8-973E-40C1-B661-2EB9ED740E59}.Release|Any CPU.Build.0 = Release|Any CPU
	EndGlobalSection
	GlobalSection(SolutionProperties) = preSolution
		HideSolutionNode = FALSE
	EndGlobalSection
	GlobalSection(ExtensibilityGlobals) = postSolution
		SolutionGuid = {BD646E13-5B0A-4D47-B569-84084A572442}
	EndGlobalSection
EndGlobal
